// !$*UTF8*$!
{
	archiveVersion = 1;
	classes = {
	};
	objectVersion = 77;
	objects = {

/* Begin PBXBuildFile section */
		CD756C4C2DD258E600559783 /* OpenAISwift in Frameworks */ = {isa = PBXBuildFile; productRef = CD756C4B2DD258E600559783 /* OpenAISwift */; };
		CD756C4F2DD2591400559783 /* MarkdownUI in Frameworks */ = {isa = PBXBuildFile; productRef = CD756C4E2DD2591400559783 /* MarkdownUI */; };
/* End PBXBuildFile section */

/* Begin PBXContainerItemProxy section */
		CD756BF22DD2561200559783 /* PBXContainerItemProxy */ = {
			isa = PBXContainerItemProxy;
			containerPortal = CD756BDC2DD2560D00559783 /* Project object */;
			proxyType = 1;
			remoteGlobalIDString = CD756BE32DD2560D00559783;
			remoteInfo = JumpChatApp;
		};
		CD756BFC2DD2561200559783 /* PBXContainerItemProxy */ = {
			isa = PBXContainerItemProxy;
			containerPortal = CD756BDC2DD2560D00559783 /* Project object */;
			proxyType = 1;
			remoteGlobalIDString = CD756BE32DD2560D00559783;
			remoteInfo = JumpChatApp;
		};
/* End PBXContainerItemProxy section */

/* Begin PBXFileReference section */
		CD756BE42DD2560D00559783 /* JumpChatApp.app */ = {isa = PBXFileReference; explicitFileType = wrapper.application; includeInIndex = 0; path = JumpChatApp.app; sourceTree = BUILT_PRODUCTS_DIR; };
		CD756BF12DD2561200559783 /* JumpChatAppTests.xctest */ = {isa = PBXFileReference; explicitFileType = wrapper.cfbundle; includeInIndex = 0; path = JumpChatAppTests.xctest; sourceTree = BUILT_PRODUCTS_DIR; };
		CD756BFB2DD2561200559783 /* JumpChatAppUITests.xctest */ = {isa = PBXFileReference; explicitFileType = wrapper.cfbundle; includeInIndex = 0; path = JumpChatAppUITests.xctest; sourceTree = BUILT_PRODUCTS_DIR; };
/* End PBXFileReference section */

/* Begin PBXFileSystemSynchronizedRootGroup section */
		CD756BE62DD2560D00559783 /* JumpChatApp */ = {
			isa = PBXFileSystemSynchronizedRootGroup;
			path = JumpChatApp;
			sourceTree = "<group>";
		};
		CD756BF42DD2561200559783 /* JumpChatAppTests */ = {
			isa = PBXFileSystemSynchronizedRootGroup;
			path = JumpChatAppTests;
			sourceTree = "<group>";
		};
		CD756BFE2DD2561200559783 /* JumpChatAppUITests */ = {
			isa = PBXFileSystemSynchronizedRootGroup;
			path = JumpChatAppUITests;
			sourceTree = "<group>";
		};
/* End PBXFileSystemSynchronizedRootGroup section */

/* Begin PBXFrameworksBuildPhase section */
		CD756BE12DD2560D00559783 /* Frameworks */ = {
			isa = PBXFrameworksBuildPhase;
			buildActionMask = 2147483647;
			files = (
				CD756C4C2DD258E600559783 /* OpenAISwift in Frameworks */,
				CD756C4F2DD2591400559783 /* MarkdownUI in Frameworks */,
			);
			runOnlyForDeploymentPostprocessing = 0;
		};
		CD756BEE2DD2561200559783 /* Frameworks */ = {
			isa = PBXFrameworksBuildPhase;
			buildActionMask = 2147483647;
			files = (
			);
			runOnlyForDeploymentPostprocessing = 0;
		};
		CD756BF82DD2561200559783 /* Frameworks */ = {
			isa = PBXFrameworksBuildPhase;
			buildActionMask = 2147483647;
			files = (
			);
			runOnlyForDeploymentPostprocessing = 0;
		};
/* End PBXFrameworksBuildPhase section */

/* Begin PBXGroup section */
		CD756BDB2DD2560D00559783 = {
			isa = PBXGroup;
			children = (
				CD756BE62DD2560D00559783 /* JumpChatApp */,
				CD756BF42DD2561200559783 /* JumpChatAppTests */,
				CD756BFE2DD2561200559783 /* JumpChatAppUITests */,
				CD756BE52DD2560D00559783 /* Products */,
			);
			sourceTree = "<group>";
		};
		CD756BE52DD2560D00559783 /* Products */ = {
			isa = PBXGroup;
			children = (
				CD756BE42DD2560D00559783 /* JumpChatApp.app */,
				CD756BF12DD2561200559783 /* JumpChatAppTests.xctest */,
				CD756BFB2DD2561200559783 /* JumpChatAppUITests.xctest */,
			);
			name = Products;
			sourceTree = "<group>";
		};
/* End PBXGroup section */

/* Begin PBXNativeTarget section */
		CD756BE32DD2560D00559783 /* JumpChatApp */ = {
			isa = PBXNativeTarget;
			buildConfigurationList = CD756C052DD2561200559783 /* Build configuration list for PBXNativeTarget "JumpChatApp" */;
			buildPhases = (
				CD756BE02DD2560D00559783 /* Sources */,
				CD756BE12DD2560D00559783 /* Frameworks */,
				CD756BE22DD2560D00559783 /* Resources */,
			);
			buildRules = (
			);
			dependencies = (
			);
			fileSystemSynchronizedGroups = (
				CD756BE62DD2560D00559783 /* JumpChatApp */,
			);
			name = JumpChatApp;
			packageProductDependencies = (
				CD756C4B2DD258E600559783 /* OpenAISwift */,
				CD756C4E2DD2591400559783 /* MarkdownUI */,
			);
			productName = JumpChatApp;
			productReference = CD756BE42DD2560D00559783 /* JumpChatApp.app */;
			productType = "com.apple.product-type.application";
		};
		CD756BF02DD2561200559783 /* JumpChatAppTests */ = {
			isa = PBXNativeTarget;
			buildConfigurationList = CD756C082DD2561200559783 /* Build configuration list for PBXNativeTarget "JumpChatAppTests" */;
			buildPhases = (
				CD756BED2DD2561200559783 /* Sources */,
				CD756BEE2DD2561200559783 /* Frameworks */,
				CD756BEF2DD2561200559783 /* Resources */,
			);
			buildRules = (
			);
			dependencies = (
				CD756BF32DD2561200559783 /* PBXTargetDependency */,
			);
			fileSystemSynchronizedGroups = (
				CD756BF42DD2561200559783 /* JumpChatAppTests */,
			);
			name = JumpChatAppTests;
			packageProductDependencies = (
			);
			productName = JumpChatAppTests;
			productReference = CD756BF12DD2561200559783 /* JumpChatAppTests.xctest */;
			productType = "com.apple.product-type.bundle.unit-test";
		};
		CD756BFA2DD2561200559783 /* JumpChatAppUITests */ = {
			isa = PBXNativeTarget;
			buildConfigurationList = CD756C0B2DD2561200559783 /* Build configuration list for PBXNativeTarget "JumpChatAppUITests" */;
			buildPhases = (
				CD756BF72DD2561200559783 /* Sources */,
				CD756BF82DD2561200559783 /* Frameworks */,
				CD756BF92DD2561200559783 /* Resources */,
			);
			buildRules = (
			);
			dependencies = (
				CD756BFD2DD2561200559783 /* PBXTargetDependency */,
			);
			fileSystemSynchronizedGroups = (
				CD756BFE2DD2561200559783 /* JumpChatAppUITests */,
			);
			name = JumpChatAppUITests;
			packageProductDependencies = (
			);
			productName = JumpChatAppUITests;
			productReference = CD756BFB2DD2561200559783 /* JumpChatAppUITests.xctest */;
			productType = "com.apple.product-type.bundle.ui-testing";
		};
/* End PBXNativeTarget section */

/* Begin PBXProject section */
		CD756BDC2DD2560D00559783 /* Project object */ = {
			isa = PBXProject;
			attributes = {
				BuildIndependentTargetsInParallel = 1;
				LastSwiftUpdateCheck = 1630;
				LastUpgradeCheck = 1630;
				TargetAttributes = {
					CD756BE32DD2560D00559783 = {
						CreatedOnToolsVersion = 16.3;
					};
					CD756BF02DD2561200559783 = {
						CreatedOnToolsVersion = 16.3;
						TestTargetID = CD756BE32DD2560D00559783;
					};
					CD756BFA2DD2561200559783 = {
						CreatedOnToolsVersion = 16.3;
						TestTargetID = CD756BE32DD2560D00559783;
					};
				};
			};
			buildConfigurationList = CD756BDF2DD2560D00559783 /* Build configuration list for PBXProject "JumpChatApp" */;
			developmentRegion = en;
			hasScannedForEncodings = 0;
			knownRegions = (
				en,
				Base,
			);
			mainGroup = CD756BDB2DD2560D00559783;
			minimizedProjectReferenceProxies = 1;
			packageReferences = (
				CD756C4A2DD258E600559783 /* XCRemoteSwiftPackageReference "OpenAISwift" */,
				CD756C4D2DD2591400559783 /* XCRemoteSwiftPackageReference "swift-markdown-ui" */,
			);
			preferredProjectObjectVersion = 77;
			productRefGroup = CD756BE52DD2560D00559783 /* Products */;
			projectDirPath = "";
			projectRoot = "";
			targets = (
				CD756BE32DD2560D00559783 /* JumpChatApp */,
				CD756BF02DD2561200559783 /* JumpChatAppTests */,
				CD756BFA2DD2561200559783 /* JumpChatAppUITests */,
			);
		};
/* End PBXProject section */

/* Begin PBXResourcesBuildPhase section */
		CD756BE22DD2560D00559783 /* Resources */ = {
			isa = PBXResourcesBuildPhase;
			buildActionMask = 2147483647;
			files = (
			);
			runOnlyForDeploymentPostprocessing = 0;
		};
		CD756BEF2DD2561200559783 /* Resources */ = {
			isa = PBXResourcesBuildPhase;
			buildActionMask = 2147483647;
			files = (
			);
			runOnlyForDeploymentPostprocessing = 0;
		};
		CD756BF92DD2561200559783 /* Resources */ = {
			isa = PBXResourcesBuildPhase;
			buildActionMask = 2147483647;
			files = (
			);
			runOnlyForDeploymentPostprocessing = 0;
		};
/* End PBXResourcesBuildPhase section */

/* Begin PBXSourcesBuildPhase section */
		CD756BE02DD2560D00559783 /* Sources */ = {
			isa = PBXSourcesBuildPhase;
			buildActionMask = 2147483647;
			files = (
			);
			runOnlyForDeploymentPostprocessing = 0;
		};
		CD756BED2DD2561200559783 /* Sources */ = {
			isa = PBXSourcesBuildPhase;
			buildActionMask = 2147483647;
			files = (
			);
			runOnlyForDeploymentPostprocessing = 0;
		};
		CD756BF72DD2561200559783 /* Sources */ = {
			isa = PBXSourcesBuildPhase;
			buildActionMask = 2147483647;
			files = (
			);
			runOnlyForDeploymentPostprocessing = 0;
		};
/* End PBXSourcesBuildPhase section */

/* Begin PBXTargetDependency section */
		CD756BF32DD2561200559783 /* PBXTargetDependency */ = {
			isa = PBXTargetDependency;
			target = CD756BE32DD2560D00559783 /* JumpChatApp */;
			targetProxy = CD756BF22DD2561200559783 /* PBXContainerItemProxy */;
		};
		CD756BFD2DD2561200559783 /* PBXTargetDependency */ = {
			isa = PBXTargetDependency;
			target = CD756BE32DD2560D00559783 /* JumpChatApp */;
			targetProxy = CD756BFC2DD2561200559783 /* PBXContainerItemProxy */;
		};
/* End PBXTargetDependency section */

/* Begin XCBuildConfiguration section */
		CD756C032DD2561200559783 /* Debug */ = {
			isa = XCBuildConfiguration;
			buildSettings = {
				ALWAYS_SEARCH_USER_PATHS = NO;
				ASSETCATALOG_COMPILER_GENERATE_SWIFT_ASSET_SYMBOL_EXTENSIONS = YES;
				CLANG_ANALYZER_NONNULL = YES;
				CLANG_ANALYZER_NUMBER_OBJECT_CONVERSION = YES_AGGRESSIVE;
				CLANG_CXX_LANGUAGE_STANDARD = "gnu++20";
				CLANG_ENABLE_MODULES = YES;
				CLANG_ENABLE_OBJC_ARC = YES;
				CLANG_ENABLE_OBJC_WEAK = YES;
				CLANG_WARN_BLOCK_CAPTURE_AUTORELEASING = YES;
				CLANG_WARN_BOOL_CONVERSION = YES;
				CLANG_WARN_COMMA = YES;
				CLANG_WARN_CONSTANT_CONVERSION = YES;
				CLANG_WARN_DEPRECATED_OBJC_IMPLEMENTATIONS = YES;
				CLANG_WARN_DIRECT_OBJC_ISA_USAGE = YES_ERROR;
				CLANG_WARN_DOCUMENTATION_COMMENTS = YES;
				CLANG_WARN_EMPTY_BODY = YES;
				CLANG_WARN_ENUM_CONVERSION = YES;
				CLANG_WARN_INFINITE_RECURSION = YES;
				CLANG_WARN_INT_CONVERSION = YES;
				CLANG_WARN_NON_LITERAL_NULL_CONVERSION = YES;
				CLANG_WARN_OBJC_IMPLICIT_RETAIN_SELF = YES;
				CLANG_WARN_OBJC_LITERAL_CONVERSION = YES;
				CLANG_WARN_OBJC_ROOT_CLASS = YES_ERROR;
				CLANG_WARN_QUOTED_INCLUDE_IN_FRAMEWORK_HEADER = YES;
				CLANG_WARN_RANGE_LOOP_ANALYSIS = YES;
				CLANG_WARN_STRICT_PROTOTYPES = YES;
				CLANG_WARN_SUSPICIOUS_MOVE = YES;
				CLANG_WARN_UNGUARDED_AVAILABILITY = YES_AGGRESSIVE;
				CLANG_WARN_UNREACHABLE_CODE = YES;
				CLANG_WARN__DUPLICATE_METHOD_MATCH = YES;
				COPY_PHASE_STRIP = NO;
				DEBUG_INFORMATION_FORMAT = dwarf;
				ENABLE_STRICT_OBJC_MSGSEND = YES;
				ENABLE_TESTABILITY = YES;
				ENABLE_USER_SCRIPT_SANDBOXING = YES;
				GCC_C_LANGUAGE_STANDARD = gnu17;
				GCC_DYNAMIC_NO_PIC = NO;
				GCC_NO_COMMON_BLOCKS = YES;
				GCC_OPTIMIZATION_LEVEL = 0;
				GCC_PREPROCESSOR_DEFINITIONS = (
					"DEBUG=1",
					"$(inherited)",
				);
				GCC_WARN_64_TO_32_BIT_CONVERSION = YES;
				GCC_WARN_ABOUT_RETURN_TYPE = YES_ERROR;
				GCC_WARN_UNDECLARED_SELECTOR = YES;
				GCC_WARN_UNINITIALIZED_AUTOS = YES_AGGRESSIVE;
				GCC_WARN_UNUSED_FUNCTION = YES;
				GCC_WARN_UNUSED_VARIABLE = YES;
				IPHONEOS_DEPLOYMENT_TARGET = 18.4;
				LOCALIZATION_PREFERS_STRING_CATALOGS = YES;
				MTL_ENABLE_DEBUG_INFO = INCLUDE_SOURCE;
				MTL_FAST_MATH = YES;
				ONLY_ACTIVE_ARCH = YES;
				SDKROOT = iphoneos;
				SWIFT_ACTIVE_COMPILATION_CONDITIONS = "DEBUG $(inherited)";
				SWIFT_OPTIMIZATION_LEVEL = "-Onone";
			};
			name = Debug;
		};
		CD756C042DD2561200559783 /* Release */ = {
			isa = XCBuildConfiguration;
			buildSettings = {
				ALWAYS_SEARCH_USER_PATHS = NO;
				ASSETCATALOG_COMPILER_GENERATE_SWIFT_ASSET_SYMBOL_EXTENSIONS = YES;
				CLANG_ANALYZER_NONNULL = YES;
				CLANG_ANALYZER_NUMBER_OBJECT_CONVERSION = YES_AGGRESSIVE;
				CLANG_CXX_LANGUAGE_STANDARD = "gnu++20";
				CLANG_ENABLE_MODULES = YES;
				CLANG_ENABLE_OBJC_ARC = YES;
				CLANG_ENABLE_OBJC_WEAK = YES;
				CLANG_WARN_BLOCK_CAPTURE_AUTORELEASING = YES;
				CLANG_WARN_BOOL_CONVERSION = YES;
				CLANG_WARN_COMMA = YES;
				CLANG_WARN_CONSTANT_CONVERSION = YES;
				CLANG_WARN_DEPRECATED_OBJC_IMPLEMENTATIONS = YES;
				CLANG_WARN_DIRECT_OBJC_ISA_USAGE = YES_ERROR;
				CLANG_WARN_DOCUMENTATION_COMMENTS = YES;
				CLANG_WARN_EMPTY_BODY = YES;
				CLANG_WARN_ENUM_CONVERSION = YES;
				CLANG_WARN_INFINITE_RECURSION = YES;
				CLANG_WARN_INT_CONVERSION = YES;
				CLANG_WARN_NON_LITERAL_NULL_CONVERSION = YES;
				CLANG_WARN_OBJC_IMPLICIT_RETAIN_SELF = YES;
				CLANG_WARN_OBJC_LITERAL_CONVERSION = YES;
				CLANG_WARN_OBJC_ROOT_CLASS = YES_ERROR;
				CLANG_WARN_QUOTED_INCLUDE_IN_FRAMEWORK_HEADER = YES;
				CLANG_WARN_RANGE_LOOP_ANALYSIS = YES;
				CLANG_WARN_STRICT_PROTOTYPES = YES;
				CLANG_WARN_SUSPICIOUS_MOVE = YES;
				CLANG_WARN_UNGUARDED_AVAILABILITY = YES_AGGRESSIVE;
				CLANG_WARN_UNREACHABLE_CODE = YES;
				CLANG_WARN__DUPLICATE_METHOD_MATCH = YES;
				COPY_PHASE_STRIP = NO;
				DEBUG_INFORMATION_FORMAT = "dwarf-with-dsym";
				ENABLE_NS_ASSERTIONS = NO;
				ENABLE_STRICT_OBJC_MSGSEND = YES;
				ENABLE_USER_SCRIPT_SANDBOXING = YES;
				GCC_C_LANGUAGE_STANDARD = gnu17;
				GCC_NO_COMMON_BLOCKS = YES;
				GCC_WARN_64_TO_32_BIT_CONVERSION = YES;
				GCC_WARN_ABOUT_RETURN_TYPE = YES_ERROR;
				GCC_WARN_UNDECLARED_SELECTOR = YES;
				GCC_WARN_UNINITIALIZED_AUTOS = YES_AGGRESSIVE;
				GCC_WARN_UNUSED_FUNCTION = YES;
				GCC_WARN_UNUSED_VARIABLE = YES;
				IPHONEOS_DEPLOYMENT_TARGET = 18.4;
				LOCALIZATION_PREFERS_STRING_CATALOGS = YES;
				MTL_ENABLE_DEBUG_INFO = NO;
				MTL_FAST_MATH = YES;
				SDKROOT = iphoneos;
				SWIFT_COMPILATION_MODE = wholemodule;
				VALIDATE_PRODUCT = YES;
			};
			name = Release;
		};
		CD756C062DD2561200559783 /* Debug */ = {
			isa = XCBuildConfiguration;
			buildSettings = {
				ASSETCATALOG_COMPILER_APPICON_NAME = AppIcon;
				ASSETCATALOG_COMPILER_GLOBAL_ACCENT_COLOR_NAME = AccentColor;
				CODE_SIGN_STYLE = Automatic;
				CURRENT_PROJECT_VERSION = 1;
				ENABLE_PREVIEWS = YES;
				GENERATE_INFOPLIST_FILE = YES;
				INFOPLIST_KEY_UIApplicationSceneManifest_Generation = YES;
				INFOPLIST_KEY_UIApplicationSupportsIndirectInputEvents = YES;
				INFOPLIST_KEY_UILaunchScreen_Generation = YES;
				INFOPLIST_KEY_UISupportedInterfaceOrientations_iPad = "UIInterfaceOrientationPortrait UIInterfaceOrientationPortraitUpsideDown UIInterfaceOrientationLandscapeLeft UIInterfaceOrientationLandscapeRight";
				INFOPLIST_KEY_UISupportedInterfaceOrientations_iPhone = "UIInterfaceOrientationPortrait UIInterfaceOrientationLandscapeLeft UIInterfaceOrientationLandscapeRight";
				LD_RUNPATH_SEARCH_PATHS = (
					"$(inherited)",
					"@executable_path/Frameworks",
				);
				MARKETING_VERSION = 1.0;
				PRODUCT_BUNDLE_IDENTIFIER = aryan.JumpChatApp;
				PRODUCT_NAME = "$(TARGET_NAME)";
				SWIFT_EMIT_LOC_STRINGS = YES;
				SWIFT_VERSION = 5.0;
				TARGETED_DEVICE_FAMILY = "1,2";
			};
			name = Debug;
		};
		CD756C072DD2561200559783 /* Release */ = {
			isa = XCBuildConfiguration;
			buildSettings = {
				ASSETCATALOG_COMPILER_APPICON_NAME = AppIcon;
				ASSETCATALOG_COMPILER_GLOBAL_ACCENT_COLOR_NAME = AccentColor;
				CODE_SIGN_STYLE = Automatic;
				CURRENT_PROJECT_VERSION = 1;
				ENABLE_PREVIEWS = YES;
				GENERATE_INFOPLIST_FILE = YES;
				INFOPLIST_KEY_UIApplicationSceneManifest_Generation = YES;
				INFOPLIST_KEY_UIApplicationSupportsIndirectInputEvents = YES;
				INFOPLIST_KEY_UILaunchScreen_Generation = YES;
				INFOPLIST_KEY_UISupportedInterfaceOrientations_iPad = "UIInterfaceOrientationPortrait UIInterfaceOrientationPortraitUpsideDown UIInterfaceOrientationLandscapeLeft UIInterfaceOrientationLandscapeRight";
				INFOPLIST_KEY_UISupportedInterfaceOrientations_iPhone = "UIInterfaceOrientationPortrait UIInterfaceOrientationLandscapeLeft UIInterfaceOrientationLandscapeRight";
				LD_RUNPATH_SEARCH_PATHS = (
					"$(inherited)",
					"@executable_path/Frameworks",
				);
				MARKETING_VERSION = 1.0;
				PRODUCT_BUNDLE_IDENTIFIER = aryan.JumpChatApp;
				PRODUCT_NAME = "$(TARGET_NAME)";
				SWIFT_EMIT_LOC_STRINGS = YES;
				SWIFT_VERSION = 5.0;
				TARGETED_DEVICE_FAMILY = "1,2";
			};
			name = Release;
		};
		CD756C092DD2561200559783 /* Debug */ = {
			isa = XCBuildConfiguration;
			buildSettings = {
				BUNDLE_LOADER = "$(TEST_HOST)";
				CODE_SIGN_STYLE = Automatic;
				CURRENT_PROJECT_VERSION = 1;
				GENERATE_INFOPLIST_FILE = YES;
				IPHONEOS_DEPLOYMENT_TARGET = 18.4;
				MARKETING_VERSION = 1.0;
				PRODUCT_BUNDLE_IDENTIFIER = aryan.JumpChatAppTests;
				PRODUCT_NAME = "$(TARGET_NAME)";
				SWIFT_EMIT_LOC_STRINGS = NO;
				SWIFT_VERSION = 5.0;
				TARGETED_DEVICE_FAMILY = "1,2";
				TEST_HOST = "$(BUILT_PRODUCTS_DIR)/JumpChatApp.app/$(BUNDLE_EXECUTABLE_FOLDER_PATH)/JumpChatApp";
			};
			name = Debug;
		};
		CD756C0A2DD2561200559783 /* Release */ = {
			isa = XCBuildConfiguration;
			buildSettings = {
				BUNDLE_LOADER = "$(TEST_HOST)";
				CODE_SIGN_STYLE = Automatic;
				CURRENT_PROJECT_VERSION = 1;
				GENERATE_INFOPLIST_FILE = YES;
				IPHONEOS_DEPLOYMENT_TARGET = 18.4;
				MARKETING_VERSION = 1.0;
				PRODUCT_BUNDLE_IDENTIFIER = aryan.JumpChatAppTests;
				PRODUCT_NAME = "$(TARGET_NAME)";
				SWIFT_EMIT_LOC_STRINGS = NO;
				SWIFT_VERSION = 5.0;
				TARGETED_DEVICE_FAMILY = "1,2";
				TEST_HOST = "$(BUILT_PRODUCTS_DIR)/JumpChatApp.app/$(BUNDLE_EXECUTABLE_FOLDER_PATH)/JumpChatApp";
			};
			name = Release;
		};
		CD756C0C2DD2561200559783 /* Debug */ = {
			isa = XCBuildConfiguration;
			buildSettings = {
				CODE_SIGN_STYLE = Automatic;
				CURRENT_PROJECT_VERSION = 1;
				GENERATE_INFOPLIST_FILE = YES;
				MARKETING_VERSION = 1.0;
				PRODUCT_BUNDLE_IDENTIFIER = aryan.JumpChatAppUITests;
				PRODUCT_NAME = "$(TARGET_NAME)";
				SWIFT_EMIT_LOC_STRINGS = NO;
				SWIFT_VERSION = 5.0;
				TARGETED_DEVICE_FAMILY = "1,2";
				TEST_TARGET_NAME = JumpChatApp;
			};
			name = Debug;
		};
		CD756C0D2DD2561200559783 /* Release */ = {
			isa = XCBuildConfiguration;
			buildSettings = {
				CODE_SIGN_STYLE = Automatic;
				CURRENT_PROJECT_VERSION = 1;
				GENERATE_INFOPLIST_FILE = YES;
				MARKETING_VERSION = 1.0;
				PRODUCT_BUNDLE_IDENTIFIER = aryan.JumpChatAppUITests;
				PRODUCT_NAME = "$(TARGET_NAME)";
				SWIFT_EMIT_LOC_STRINGS = NO;
				SWIFT_VERSION = 5.0;
				TARGETED_DEVICE_FAMILY = "1,2";
				TEST_TARGET_NAME = JumpChatApp;
			};
			name = Release;
		};
/* End XCBuildConfiguration section */

/* Begin XCConfigurationList section */
		CD756BDF2DD2560D00559783 /* Build configuration list for PBXProject "JumpChatApp" */ = {
			isa = XCConfigurationList;
			buildConfigurations = (
				CD756C032DD2561200559783 /* Debug */,
				CD756C042DD2561200559783 /* Release */,
			);
			defaultConfigurationIsVisible = 0;
			defaultConfigurationName = Release;
		};
		CD756C052DD2561200559783 /* Build configuration list for PBXNativeTarget "JumpChatApp" */ = {
			isa = XCConfigurationList;
			buildConfigurations = (
				CD756C062DD2561200559783 /* Debug */,
				CD756C072DD2561200559783 /* Release */,
			);
			defaultConfigurationIsVisible = 0;
			defaultConfigurationName = Release;
		};
		CD756C082DD2561200559783 /* Build configuration list for PBXNativeTarget "JumpChatAppTests" */ = {
			isa = XCConfigurationList;
			buildConfigurations = (
				CD756C092DD2561200559783 /* Debug */,
				CD756C0A2DD2561200559783 /* Release */,
			);
			defaultConfigurationIsVisible = 0;
			defaultConfigurationName = Release;
		};
		CD756C0B2DD2561200559783 /* Build configuration list for PBXNativeTarget "JumpChatAppUITests" */ = {
			isa = XCConfigurationList;
			buildConfigurations = (
				CD756C0C2DD2561200559783 /* Debug */,
				CD756C0D2DD2561200559783 /* Release */,
			);
			defaultConfigurationIsVisible = 0;
			defaultConfigurationName = Release;
		};
/* End XCConfigurationList section */

/* Begin XCRemoteSwiftPackageReference section */
		CD756C4A2DD258E600559783 /* XCRemoteSwiftPackageReference "OpenAISwift" */ = {
			isa = XCRemoteSwiftPackageReference;
			repositoryURL = "https://github.com/adamrushy/OpenAISwift.git";
			requirement = {
				kind = upToNextMajorVersion;
				minimumVersion = 1.4.1;
			};
		};
		CD756C4D2DD2591400559783 /* XCRemoteSwiftPackageReference "swift-markdown-ui" */ = {
			isa = XCRemoteSwiftPackageReference;
			repositoryURL = "https://github.com/gonzalezreal/swift-markdown-ui";
			requirement = {
				kind = upToNextMajorVersion;
				minimumVersion = 2.4.1;
			};
		};
/* End XCRemoteSwiftPackageReference section */

/* Begin XCSwiftPackageProductDependency section */
		CD756C4B2DD258E600559783 /* OpenAISwift */ = {
			isa = XCSwiftPackageProductDependency;
			package = CD756C4A2DD258E600559783 /* XCRemoteSwiftPackageReference "OpenAISwift" */;
			productName = OpenAISwift;
		};
		CD756C4E2DD2591400559783 /* MarkdownUI */ = {
			isa = XCSwiftPackageProductDependency;
			package = CD756C4D2DD2591400559783 /* XCRemoteSwiftPackageReference "swift-markdown-ui" */;
			productName = MarkdownUI;
		};
/* End XCSwiftPackageProductDependency section */
	};
	rootObject = CD756BDC2DD2560D00559783 /* Project object */;
}
